
Microsoft Visual Studio Solution File, Format Version 12.00
# Visual Studio Version 16
VisualStudioVersion = 16.0.33328.57
MinimumVisualStudioVersion = 10.0.40219.1
Project("{FAE04EC0-301F-11D3-BF4B-00C04F79EFBC}") = "Sigma", "Sigma\Sigma.csproj", "{8904346B-3C6B-4FA0-98BA-BA4AD0C6977F}"
EndProject
Global
	GlobalSection(SolutionConfigurationPlatforms) = preSolution
		Debug|Any CPU = Debug|Any CPU
		Release|Any CPU = Release|Any CPU
	EndGlobalSection
	GlobalSection(ProjectConfigurationPlatforms) = postSolution
		{8904346B-3C6B-4FA0-98BA-BA4AD0C6977F}.Debug|Any CPU.ActiveCfg = Debug|Any CPU
		{8904346B-3C6B-4FA0-98BA-BA4AD0C6977F}.Debug|Any CPU.Build.0 = Debug|Any CPU
		{8904346B-3C6B-4FA0-98BA-BA4AD0C6977F}.Release|Any CPU.ActiveCfg = Release|Any CPU
		{8904346B-3C6B-4FA0-98BA-BA4AD0C6977F}.Release|Any CPU.Build.0 = Release|Any CPU
	EndGlobalSection
	GlobalSection(SolutionProperties) = preSolution
		HideSolutionNode = FALSE
	EndGlobalSection
	GlobalSection(ExtensibilityGlobals) = postSolution
		SolutionGuid = {821F3CB0-0881-4064-AA4C-A807A2C4D4EE}
	EndGlobalSection
EndGlobal
